
Microsoft Visual Studio Solution File, Format Version 11.00
# Visual Studio 2010
Project("{FAE04EC0-301F-11D3-BF4B-00C04F79EFBC}") = "jQuerySelectors", "jQuerySelectors\jQuerySelectors.csproj", "{64545E8E-9D5E-491E-9457-EFCD690EA0FF}"
EndProject
Global
	GlobalSection(SolutionConfigurationPlatforms) = preSolution
		Debug|Any CPU = Debug|Any CPU
		Release|Any CPU = Release|Any CPU
	EndGlobalSection
	GlobalSection(ProjectConfigurationPlatforms) = postSolution
		{64545E8E-9D5E-491E-9457-EFCD690EA0FF}.Debug|Any CPU.ActiveCfg = Debug|Any CPU
		{64545E8E-9D5E-491E-9457-EFCD690EA0FF}.Debug|Any CPU.Build.0 = Debug|Any CPU
		{64545E8E-9D5E-491E-9457-EFCD690EA0FF}.Release|Any CPU.ActiveCfg = Release|Any CPU
		{64545E8E-9D5E-491E-9457-EFCD690EA0FF}.Release|Any CPU.Build.0 = Release|Any CPU
	EndGlobalSection
	GlobalSection(SolutionProperties) = preSolution
		HideSolutionNode = FALSE
	EndGlobalSection
EndGlobal
